PODS:
  - CocoaAsyncSocket (7.6.5)
  - DKImagePickerController/Core (4.3.9):
    - DKImagePickerController/ImageDataManager
    - DKImagePickerController/Resource
  - DKImagePickerController/ImageDataManager (4.3.9)
  - DKImagePickerController/PhotoGallery (4.3.9):
    - DKImagePickerController/Core
    - DKPhotoGallery
  - DKImagePickerController/Resource (4.3.9)
  - DKPhotoGallery (0.0.19):
    - DKPhotoGallery/Core (= 0.0.19)
    - DKPhotoGallery/Model (= 0.0.19)
    - DKPhotoGallery/Preview (= 0.0.19)
    - DKPhotoGallery/Resource (= 0.0.19)
    - SDWebImage
    - SwiftyGif
  - DKPhotoGallery/Core (0.0.19):
    - DKPhotoGallery/Model
    - DKPhotoGallery/Preview
    - SDWebImage
    - SwiftyGif
  - DKPhotoGallery/Model (0.0.19):
    - SDWebImage
    - SwiftyGif
  - DKPhotoGallery/Preview (0.0.19):
    - DKPhotoGallery/Model
    - DKPhotoGallery/Resource
    - SDWebImage
    - SwiftyGif
  - DKPhotoGallery/Resource (0.0.19):
    - SDWebImage
    - SwiftyGif
  - file_picker (0.0.1):
    - DKImagePickerController/PhotoGallery
    - Flutter
  - Flutter (1.0.0)
  - flutter_secure_storage_darwin (10.0.0):
    - Flutter
    - FlutterMacOS
  - integration_test (0.0.1):
    - Flutter
  - patrol (0.0.1):
    - CocoaAsyncSocket (~> 7.6)
    - Flutter
    - FlutterMacOS
  - SDWebImage (5.21.7):
    - SDWebImage/Core (= 5.21.7)
  - SDWebImage/Core (5.21.7)
  - SwiftyGif (5.4.5)

DEPENDENCIES:
  - file_picker (from `.symlinks/plugins/file_picker/ios`)
  - Flutter (from `Flutter`)
  - flutter_secure_storage_darwin (from `.symlinks/plugins/flutter_secure_storage_darwin/darwin`)
  - integration_test (from `.symlinks/plugins/integration_test/ios`)
  - patrol (from `.symlinks/plugins/patrol/darwin`)

SPEC REPOS:
  trunk:
    - CocoaAsyncSocket
    - DKImagePickerController
    - DKPhotoGallery
    - SDWebImage
    - SwiftyGif

EXTERNAL SOURCES:
  file_picker:
    :path: ".symlinks/plugins/file_picker/ios"
  Flutter:
    :path: Flutter
  flutter_secure_storage_darwin:
    :path: ".symlinks/plugins/flutter_secure_storage_darwin/darwin"
  integration_test:
    :path: ".symlinks/plugins/integration_test/ios"
  patrol:
    :path: ".symlinks/plugins/patrol/darwin"

SPEC CHECKSUMS:
  CocoaAsyncSocket: 065fd1e645c7abab64f7a6a2007a48038fdc6a99
  DKImagePickerController: 946cec48c7873164274ecc4624d19e3da4c1ef3c
  DKPhotoGallery: b3834fecb755ee09a593d7c9e389d8b5d6deed60
  file_picker: a0560bc09d61de87f12d246fc47d2119e6ef37be
  Flutter: cabc95a1d2626b1b06e7179b784ebcf0c0cde467
  flutter_secure_storage_darwin: acdb3f316ed05a3e68f856e0353b133eec373a23
  integration_test: 4a889634ef21a45d28d50d622cf412dc6d9f586e
  patrol: cea8074f183a2a4232d0ebd10569ae05149ada42
  SDWebImage: e9fc87c1aab89a8ab1bbd74eba378c6f53be8abf
  SwiftyGif: 706c60cf65fa2bc5ee0313beece843c8eb8194d4

PODFILE CHECKSUM: babef526b8c52b4c179d43bcd97f33a019b0e51c

COCOAPODS: 1.16.2
